{
    "_meta": {
        "hash": {
            "sha256": "7d32bb2a9cee4e2b3f194234fe735c3e139b9915a53ec6d548de5a1c39de32a8"
        },
        "pipfile-spec": 6,
        "requires": {
            "python_version": "3.6"
        },
        "sources": [
            {
                "name": "pypi",
                "url": "https://pypi.python.org/simple",
                "verify_ssl": true
            }
        ]
    },
    "default": {
        "boto3": {
            "hashes": [
                "sha256:5222edc5b20d5c6ab7440fc4f89f987ead05be37ff5cc5359a3b9148d9b5a51e",
                "sha256:bd3337cfc15613b0091fa567dc3065d94df88e5837ba1adbb1e35b91db728a66"
            ],
            "index": "pypi",
            "version": "==1.11.7"
        },
        "botocore": {
            "hashes": [
                "sha256:02fe4673ab0c62393dc81c85fe0c65ae84f66cf55b0e0dbda785cf3e68b25762",
                "sha256:75c759fcd89c4b2c717b40c2bd43915716bf15cfb7fb5bfccdc9bd9f697ac75f"
            ],
            "version": "==1.14.17"
        },
        "brotli": {
            "hashes": [
                "sha256:0538dc1744fd17c314d2adc409ea7d1b779783b89fd95bcfb0c2acc93a6ea5a7",
                "sha256:0970a47f471782912d7705160b2b0a9306e68e6fadf9cffcaeb42d8f0951e26c",
                "sha256:113f51658e6fe548dce4b3749f6ef6c24de4184ba9c10a909cbee4261c2a5da0",
                "sha256:1e1aa9c4d1558889f42749c8baf846007953bfd32c8209230cf1cd1f5ef33495",
                "sha256:2f2f4f78f29ac4a45d15b3d9fc3fd9705e0ad313a44b129f6e1d0c6916bad0e2",
                "sha256:3269f6de1dd150fd0cce1c158b61ff5ac06d627fd3ae9c6ea03aed26fbbff7ea",
                "sha256:3f4a1f6240916c7984c7f2542786710f622992508dafee0b1714e6d340fb9ffd",
                "sha256:50dd9ad2a2bb12da4e9002a438672d182f98e546e99952de80280a1e1729664f",
                "sha256:5519a4b01b1a4f965083cbfa2ef2b9774c5a5f352341c47b50776ad109423d72",
                "sha256:5eb27722d320370315971c427eb8aa7cc0791f2a458840d357ac653bd0ad3a14",
                "sha256:5f06b4d5b6f58e5b5c220c2f23cad034dc5efa51b01fde2351ced1605bd980e2",
                "sha256:71ceee286ea7ec613f1c36f1c6181864a6ca24ebb55e371276f33d6af8742834",
                "sha256:72848d25a5f9e736db4af4512e0c3feecc094d57d241f8f1ae959115a2c39756",
                "sha256:743001bca75f4a6b4454be3510feca46f9d61a0c782a9bc2bc684bdb245e279e",
                "sha256:7ac98c71a15648fd11bc1f32608b6110e396121280790082e32b9a3109048bc6",
                "sha256:9d1c2dd27a1083fefd05b1b2f8df4a6bc2aaa6c21dd82cd41c8ae5e7c23a87f8",
                "sha256:a13ce9b419fe9f277c63f700efb0e444331509d1881b5610d2ba7e9080606967",
                "sha256:a19ef0952b9d2803df88dff07f45a6c92d5676afb9b8d69cf32232d684036d11",
                "sha256:ad766ca8b8c1419b71a22756b45264f45725c86133dc80a7cbe30b6b78c75620",
                "sha256:ad7963f261988ee0883816b6b9f206f11461c9b3cb5cfbca0c9ab5adc406d395",
                "sha256:af0451e23016631a2f52925a10d738ac4a0f794ac315c30380b22efc0c90cbc6",
                "sha256:c16201060c5a3f8742e3deae759014251ac92f382f82bc2a41dc079ff18c3f24",
                "sha256:c43b202f65891861a9a336984a103de25de235f756de69e32db893156f767013",
                "sha256:c675c6cce4295cb1a692f3de7416aacace7314e064b94bc86e93aceefce7fd3e",
                "sha256:d17cec0b992b1434f5f9df9986563605a4d1b1acd5574c87fc2ac014bcbd3316",
                "sha256:dc91f6129953861a73d9a65c52a8dd682b561a9ebaf65283541645cab6489917",
                "sha256:e2f4cbd1760d2bf2f30e396c2301999aab0191aec031a6a8a04950b2f575a536",
                "sha256:f192e6d3556714105c10486bbd6d045e38a0c04d9da3cef21e0a8dfd8e162df4",
                "sha256:f775b07026af2b1b0b5a8b05e41571cdcf3a315a67df265d60af301656a5425b",
                "sha256:f969ec7f56ba9636679e69ca07fba548312ccaca37412ee823c7f413541ad7e0",
                "sha256:f9dc52cd70907aafb99a773b66b156f2f995c7a0d284397c487c8b71ddbef2f9",
                "sha256:f9ee88bb52352588ceb811d045b5c9bb1dc38927bc150fd156244f60ff3f59f1",
                "sha256:fc7212e36ebeb81aebf7949c92897b622490d7c0e333a479c0395591e7994600"
            ],
            "version": "==1.0.7"
        },
        "brotlipy": {
            "hashes": [
                "sha256:07194f4768eb62a4f4ea76b6d0df6ade185e24ebd85877c351daa0a069f1111a",
                "sha256:091b299bf36dd6ef7a06570dbc98c0f80a504a56c5b797f31934d2ad01ae7d17",
                "sha256:09ec3e125d16749b31c74f021aba809541b3564e5359f8c265cbae442810b41a",
                "sha256:0be698678a114addcf87a4b9496c552c68a2c99bf93cf8e08f5738b392e82057",
                "sha256:0fa6088a9a87645d43d7e21e32b4a6bf8f7c3939015a50158c10972aa7f425b7",
                "sha256:1379347337dc3d20b2d61456d44ccce13e0625db2611c368023b4194d5e2477f",
                "sha256:1ea4e578241504b58f2456a6c69952c88866c794648bdc74baee74839da61d44",
                "sha256:2699945a0a992c04fc7dc7fa2f1d0575a2c8b4b769f2874a08e8eae46bef36ae",
                "sha256:2a80319ae13ea8dd60ecdc4f5ccf6da3ae64787765923256b62c598c5bba4121",
                "sha256:2e5c64522364a9ebcdf47c5744a5ddeb3f934742d31e61ebfbbc095460b47162",
                "sha256:36def0b859beaf21910157b4c33eb3b06d8ce459c942102f16988cca6ea164df",
                "sha256:3a3e56ced8b15fbbd363380344f70f3b438e0fd1fcf27b7526b6172ea950e867",
                "sha256:3c1d5e2cf945a46975bdb11a19257fa057b67591eb232f393d260e7246d9e571",
                "sha256:4e4638b49835d567d447a2cfacec109f9a777f219f071312268b351b6839436d",
                "sha256:50ca336374131cfad20612f26cc43c637ac0bfd2be3361495e99270883b52962",
                "sha256:5de6f7d010b7558f72f4b061a07395c5c3fd57f0285c5af7f126a677b976a868",
                "sha256:637847560d671657f993313ecc6c6c6666a936b7a925779fd044065c7bc035b9",
                "sha256:653faef61241bf8bf99d73ca7ec4baa63401ba7b2a2aa88958394869379d67c7",
                "sha256:786afc8c9bd67de8d31f46e408a3386331e126829114e4db034f91eacb05396d",
                "sha256:79aaf217072840f3e9a3b641cccc51f7fc23037496bd71e26211856b93f4b4cb",
                "sha256:7e31f7adcc5851ca06134705fcf3478210da45d35ad75ec181e1ce9ce345bb38",
                "sha256:8b39abc3256c978f575df5cd7893153277216474f303e26f0e43ba3d3969ef96",
                "sha256:9448227b0df082e574c45c983fa5cd4bda7bfb11ea6b59def0940c1647be0c3c",
                "sha256:96bc59ff9b5b5552843dc67999486a220e07a0522dddd3935da05dc194fa485c",
                "sha256:a07647886e24e2fb2d68ca8bf3ada398eb56fd8eac46c733d4d95c64d17f743b",
                "sha256:af65d2699cb9f13b26ec3ba09e75e80d31ff422c03675fcb36ee4dabe588fdc2",
                "sha256:b4c98b0d2c9c7020a524ca5bbff42027db1004c6571f8bc7b747f2b843128e7a",
                "sha256:c6cc0036b1304dd0073eec416cb2f6b9e37ac8296afd9e481cac3b1f07f9db25",
                "sha256:d2c1c724c4ac375feb2110f1af98ecdc0e5a8ea79d068efb5891f621a5b235cb",
                "sha256:dc6c5ee0df9732a44d08edab32f8a616b769cc5a4155a12d2d010d248eb3fb07",
                "sha256:fd1d1c64214af5d90014d82cee5d8141b13d44c92ada7a0c0ec0679c6f15a471"
            ],
            "index": "pypi",
            "version": "==0.7.0"
        },
        "certifi": {
            "hashes": [
                "sha256:1d987a998c75633c40847cc966fcf5904906c920a7f17ef374f5aa4282abd304",
                "sha256:51fcb31174be6e6664c5f69e3e1691a2d72a1a12e90f872cbdb1567eb47b6519"
            ],
            "version": "==2020.4.5.1"
        },
        "cffi": {
            "hashes": [
                "sha256:001bf3242a1bb04d985d63e138230802c6c8d4db3668fb545fb5005ddf5bb5ff",
                "sha256:00789914be39dffba161cfc5be31b55775de5ba2235fe49aa28c148236c4e06b",
                "sha256:028a579fc9aed3af38f4892bdcc7390508adabc30c6af4a6e4f611b0c680e6ac",
                "sha256:14491a910663bf9f13ddf2bc8f60562d6bc5315c1f09c704937ef17293fb85b0",
                "sha256:1cae98a7054b5c9391eb3249b86e0e99ab1e02bb0cc0575da191aedadbdf4384",
                "sha256:2089ed025da3919d2e75a4d963d008330c96751127dd6f73c8dc0c65041b4c26",
                "sha256:2d384f4a127a15ba701207f7639d94106693b6cd64173d6c8988e2c25f3ac2b6",
                "sha256:337d448e5a725bba2d8293c48d9353fc68d0e9e4088d62a9571def317797522b",
                "sha256:399aed636c7d3749bbed55bc907c3288cb43c65c4389964ad5ff849b6370603e",
                "sha256:3b911c2dbd4f423b4c4fcca138cadde747abdb20d196c4a48708b8a2d32b16dd",
                "sha256:3d311bcc4a41408cf5854f06ef2c5cab88f9fded37a3b95936c9879c1640d4c2",
                "sha256:62ae9af2d069ea2698bf536dcfe1e4eed9090211dbaafeeedf5cb6c41b352f66",
                "sha256:66e41db66b47d0d8672d8ed2708ba91b2f2524ece3dee48b5dfb36be8c2f21dc",
                "sha256:675686925a9fb403edba0114db74e741d8181683dcf216be697d208857e04ca8",
                "sha256:7e63cbcf2429a8dbfe48dcc2322d5f2220b77b2e17b7ba023d6166d84655da55",
                "sha256:8a6c688fefb4e1cd56feb6c511984a6c4f7ec7d2a1ff31a10254f3c817054ae4",
                "sha256:8c0ffc886aea5df6a1762d0019e9cb05f825d0eec1f520c51be9d198701daee5",
                "sha256:95cd16d3dee553f882540c1ffe331d085c9e629499ceadfbda4d4fde635f4b7d",
                "sha256:99f748a7e71ff382613b4e1acc0ac83bf7ad167fb3802e35e90d9763daba4d78",
                "sha256:b8c78301cefcf5fd914aad35d3c04c2b21ce8629b5e4f4e45ae6812e461910fa",
                "sha256:c420917b188a5582a56d8b93bdd8e0f6eca08c84ff623a4c16e809152cd35793",
                "sha256:c43866529f2f06fe0edc6246eb4faa34f03fe88b64a0a9a942561c8e22f4b71f",
                "sha256:cab50b8c2250b46fe738c77dbd25ce017d5e6fb35d3407606e7a4180656a5a6a",
                "sha256:cef128cb4d5e0b3493f058f10ce32365972c554572ff821e175dbc6f8ff6924f",
                "sha256:cf16e3cf6c0a5fdd9bc10c21687e19d29ad1fe863372b5543deaec1039581a30",
                "sha256:e56c744aa6ff427a607763346e4170629caf7e48ead6921745986db3692f987f",
                "sha256:e577934fc5f8779c554639376beeaa5657d54349096ef24abe8c74c5d9c117c3",
                "sha256:f2b0fa0c01d8a0c7483afd9f31d7ecf2d71760ca24499c8697aeb5ca37dc090c"
            ],
            "version": "==1.14.0"
        },
        "chardet": {
            "hashes": [
                "sha256:84ab92ed1c4d4f16916e05906b6b75a6c0fb5db821cc65e70cbd64a3e2a5eaae",
                "sha256:fc323ffcaeaed0e0a02bf4d117757b98aed530d9ed4531e3e15460124c106691"
            ],
            "version": "==3.0.4"
        },
        "click": {
            "hashes": [
                "sha256:2335065e6395b9e67ca716de5f7526736bfa6ceead690adf616d925bdc622b13",
                "sha256:5b94b49521f6456670fdb30cd82a4eca9412788a93fa6dd6df72c94d5a8ff2d7"
            ],
            "index": "pypi",
            "version": "==7.0"
        },
        "dj-database-url": {
            "hashes": [
                "sha256:4aeaeb1f573c74835b0686a2b46b85990571159ffc21aa57ecd4d1e1cb334163",
                "sha256:851785365761ebe4994a921b433062309eb882fedd318e1b0fcecc607ed02da9"
            ],
            "index": "pypi",
            "version": "==0.5.0"
        },
        "django": {
            "hashes": [
                "sha256:014e3392058d94f40569206a24523ce254d55ad2f9f46c6550b0fe2e4f94cf3f",
                "sha256:4200aefb6678019a0acf0005cd14cfce3a5e6b9b90d06145fcdd2e474ad4329c"
            ],
            "index": "pypi",
            "version": "==1.11.29"
        },
        "django-anymail": {
            "extras": [
                "sendgrid",
                "sendinblue"
            ],
            "hashes": [
                "sha256:7930d5f841c9be7e044a9e6bf3492aedf7aa641716b6c1f8f52411658f674131",
                "sha256:dfa4a00a1608d40893cf818ed3632046a0bb01cf2a2bb3a64d31ff146151533a"
            ],
            "index": "pypi",
            "version": "==7.0.0"
        },
        "django-appconf": {
            "hashes": [
                "sha256:1b1d0e1069c843ebe8ae5aa48ec52403b1440402b320c3e3a206a0907e97bb06",
                "sha256:be58deb54a43d77d2e1621fe59f787681376d3cd0b8bd8e4758ef6c3a6453380"
            ],
            "version": "==1.0.4"
        },
        "django-compressor": {
            "hashes": [
                "sha256:57ac0a696d061e5fc6fbc55381d2050f353b973fb97eee5593f39247bc0f30af",
                "sha256:d2ed1c6137ddaac5536233ec0a819e14009553fee0a869bea65d03e5285ba74f"
            ],
            "index": "pypi",
            "version": "==2.4"
        },
        "django-debug-toolbar": {
            "hashes": [
                "sha256:24c157bc6c0e1648e0a6587511ecb1b007a00a354ce716950bff2de12693e7a8",
                "sha256:77cfba1d6e91b9bc3d36dc7dc74a9bb80be351948db5f880f2562a0cbf20b6c5"
            ],
            "index": "pypi",
            "version": "==2.1"
        },
        "django-libsass": {
            "hashes": [
                "sha256:38fab4ce1245542f3afd7248dc48f8a0b261f5f6c61e7cc43969a9c9079b5ffd",
                "sha256:3e74fd8e75ac0e6ebc0443efc3e530167981bf279fecc2294094c820ae266fbb"
            ],
            "index": "pypi",
            "version": "==0.8"
        },
        "django-rq": {
            "hashes": [
                "sha256:1eda0efe0ad1638c5671412edc28a3574a9a69fdc567be56dc86a7a0a8687343",
                "sha256:d9377e851336430676e5fb52c5efae379348355be84d5fc0ece70c0479dc0600"
            ],
            "index": "pypi",
            "version": "==2.1.0"
        },
        "djangorestframework": {
            "hashes": [
                "sha256:05809fc66e1c997fd9a32ea5730d9f4ba28b109b9da71fccfa5ff241201fd0a4",
                "sha256:e782087823c47a26826ee5b6fa0c542968219263fb3976ec3c31edab23a4001f"
            ],
            "index": "pypi",
            "version": "==3.11.0"
        },
        "djangorestframework-csv": {
            "hashes": [
                "sha256:2f008b20a44f2d3c37835ea5b5ddfe19f54394f07b9cb267c616a917a7f7e27c"
            ],
            "index": "pypi",
            "version": "==2.1.0"
        },
        "djangorestframework-jwt": {
            "hashes": [
                "sha256:5efe33032f3a4518a300dc51a51c92145ad95fb6f4b272e5aa24701db67936a7",
                "sha256:ab15dfbbe535eede8e2e53adaf52ef0cf018ee27dbfad10cbc4cbec2ab63d38c"
            ],
            "index": "pypi",
            "version": "==1.11.0"
        },
        "docutils": {
            "hashes": [
                "sha256:6c4f696463b79f1fb8ba0c594b63840ebd41f059e92b31957c46b74a4599b6d0",
                "sha256:9e4d7ecfc600058e07ba661411a2b7de2fd0fafa17d1a7f7361cd47b1175c827",
                "sha256:a2aeea129088da402665e92e0b25b04b073c04b2dce4ab65caaa38b7ce2e1a99"
            ],
            "version": "==0.15.2"
        },
        "gunicorn": {
            "hashes": [
                "sha256:1904bb2b8a43658807108d59c3f3d56c2b6121a701161de0ddf9ad140073c626",
                "sha256:cd4a810dd51bf497552cf3f863b575dabd73d6ad6a91075b65936b151cbf4f9c"
            ],
            "index": "pypi",
            "version": "==20.0.4"
        },
        "httpie": {
            "hashes": [
                "sha256:8c04f9756f1a7eac71a6dfa0834d0f6813dc8a982d8564f3a7418dcd19107c09",
                "sha256:a64d4b68ea183d0f381891716d1ca37ce42010d030c354884ddbcbbca5ecf28d"
            ],
            "index": "pypi",
            "version": "==2.0.0"
        },
        "idna": {
            "hashes": [
                "sha256:c357b3f628cf53ae2c4c05627ecc484553142ca23264e593d327bcde5e9c3407",
                "sha256:ea8b7f6188e6fa117537c3df7da9fc686d485087abf6ac197f9c46432f7e4a3c"
            ],
            "version": "==2.8"
        },
        "jmespath": {
            "hashes": [
                "sha256:b85d0567b8666149a93172712e68920734333c0ce7e89b78b3e987f71e5ed4f9",
                "sha256:cdf6525904cc597730141d61b36f2e4b8ecc257c420fa2f4549bac2c2d0cb72f"
            ],
            "version": "==0.10.0"
        },
        "jsonfield": {
            "hashes": [
                "sha256:a0a7fdee736ff049059409752b045281a225610fecbda9b9bd588ba976493c12",
                "sha256:beb1cd4850d6d6351c32daefcb826c01757744e9c863228a642f87a1a4acb834"
            ],
            "index": "pypi",
            "version": "==2.0.2"
        },
        "libsass": {
            "hashes": [
                "sha256:107c409524c6a4ed14410fa9dafa9ee59c6bd3ecae75d73af749ab2b75685726",
                "sha256:3bc0d68778b30b5fa83199e18795314f64b26ca5871e026343e63934f616f7f7",
                "sha256:5c8ff562b233734fbc72b23bb862cc6a6f70b1e9bf85a58422aa75108b94783b",
                "sha256:74f6fb8da58179b5d86586bc045c16d93d55074bc7bb48b6354a4da7ac9f9dfd",
                "sha256:7555d9b24e79943cfafac44dbb4ca7e62105c038de7c6b999838c9ff7b88645d",
                "sha256:794f4f4661667263e7feafe5cc866e3746c7c8a9192b2aa9afffdadcbc91c687",
                "sha256:8cf72552b39e78a1852132e16b706406bc76029fe3001583284ece8d8752a60a",
                "sha256:98f6dee9850b29e62977a963e3beb3cfeb98b128a267d59d2c3d675e298c8d57",
                "sha256:a43f3830d83ad9a7f5013c05ce239ca71744d0780dad906587302ac5257bce60",
                "sha256:b077261a04ba1c213e932943208471972c5230222acb7fa97373e55a40872cbb",
                "sha256:b7452f1df274b166dc22ee2e9154c4adca619bcbbdf8041a7aa05f372a1dacbc",
                "sha256:e6a547c0aa731dcb4ed71f198e814bee0400ce04d553f3f12a53bc3a17f2a481",
                "sha256:fd19c8f73f70ffc6cbcca8139da08ea9a71fc48e7dfc4bb236ad88ab2d6558f1"
            ],
            "version": "==0.20.0"
        },
        "more-itertools": {
            "hashes": [
                "sha256:1a2a32c72400d365000412fe08eb4a24ebee89997c18d3d147544f70f5403b39",
                "sha256:c468adec578380b6281a114cb8a5db34eb1116277da92d7c46f904f0b52d3288"
            ],
            "index": "pypi",
            "version": "==8.1.0"
        },
        "newrelic": {
            "hashes": [
                "sha256:0e651f2ff48dd1fc538fc1297892cf726d1ad4fc0b2578aae6a47f10f16afb2c"
            ],
            "index": "pypi",
            "version": "==5.4.1.134"
        },
        "pillow": {
            "hashes": [
                "sha256:0a628977ac2e01ca96aaae247ec2bd38e729631ddf2221b4b715446fd45505be",
                "sha256:4d9ed9a64095e031435af120d3c910148067087541131e82b3e8db302f4c8946",
                "sha256:54ebae163e8412aff0b9df1e88adab65788f5f5b58e625dc5c7f51eaf14a6837",
                "sha256:5bfef0b1cdde9f33881c913af14e43db69815c7e8df429ceda4c70a5e529210f",
                "sha256:5f3546ceb08089cedb9e8ff7e3f6a7042bb5b37c2a95d392fb027c3e53a2da00",
                "sha256:5f7ae9126d16194f114435ebb79cc536b5682002a4fa57fa7bb2cbcde65f2f4d",
                "sha256:62a889aeb0a79e50ecf5af272e9e3c164148f4bd9636cc6bcfa182a52c8b0533",
                "sha256:7406f5a9b2fd966e79e6abdaf700585a4522e98d6559ce37fc52e5c955fade0a",
                "sha256:8453f914f4e5a3d828281a6628cf517832abfa13ff50679a4848926dac7c0358",
                "sha256:87269cc6ce1e3dee11f23fa515e4249ae678dbbe2704598a51cee76c52e19cda",
                "sha256:875358310ed7abd5320f21dd97351d62de4929b0426cdb1eaa904b64ac36b435",
                "sha256:8ac6ce7ff3892e5deaab7abaec763538ffd011f74dc1801d93d3c5fc541feee2",
                "sha256:91b710e3353aea6fc758cdb7136d9bbdcb26b53cefe43e2cba953ac3ee1d3313",
                "sha256:9d2ba4ed13af381233e2d810ff3bab84ef9f18430a9b336ab69eaf3cd24299ff",
                "sha256:a62ec5e13e227399be73303ff301f2865bf68657d15ea50b038d25fc41097317",
                "sha256:ab76e5580b0ed647a8d8d2d2daee170e8e9f8aad225ede314f684e297e3643c2",
                "sha256:bf4003aa538af3f4205c5fac56eacaa67a6dd81e454ffd9e9f055fff9f1bc614",
                "sha256:bf598d2e37cf8edb1a2f26ed3fb255191f5232badea4003c16301cb94ac5bdd0",
                "sha256:c18f70dc27cc5d236f10e7834236aff60aadc71346a5bc1f4f83a4b3abee6386",
                "sha256:c5ed816632204a2fc9486d784d8e0d0ae754347aba99c811458d69fcdfd2a2f9",
                "sha256:dc058b7833184970d1248135b8b0ab702e6daa833be14035179f2acb78ff5636",
                "sha256:ff3797f2f16bf9d17d53257612da84dd0758db33935777149b3334c01ff68865"
            ],
            "index": "pypi",
            "version": "==7.0.0"
        },
        "psycopg2-binary": {
            "hashes": [
                "sha256:040234f8a4a8dfd692662a8308d78f63f31a97e1c42d2480e5e6810c48966a29",
                "sha256:086f7e89ec85a6704db51f68f0dcae432eff9300809723a6e8782c41c2f48e03",
                "sha256:18ca813fdb17bc1db73fe61b196b05dd1ca2165b884dd5ec5568877cabf9b039",
                "sha256:19dc39616850342a2a6db70559af55b22955f86667b5f652f40c0e99253d9881",
                "sha256:2166e770cb98f02ed5ee2b0b569d40db26788e0bf2ec3ae1a0d864ea6f1d8309",
                "sha256:3a2522b1d9178575acee4adf8fd9f979f9c0449b00b4164bb63c3475ea6528ed",
                "sha256:3aa773580f85a28ffdf6f862e59cb5a3cc7ef6885121f2de3fca8d6ada4dbf3b",
                "sha256:3b5deaa3ee7180585a296af33e14c9b18c218d148e735c7accf78130765a47e3",
                "sha256:407af6d7e46593415f216c7f56ba087a9a42bd6dc2ecb86028760aa45b802bd7",
                "sha256:4c3c09fb674401f630626310bcaf6cd6285daf0d5e4c26d6e55ca26a2734e39b",
                "sha256:4c6717962247445b4f9e21c962ea61d2e884fc17df5ddf5e35863b016f8a1f03",
                "sha256:50446fae5681fc99f87e505d4e77c9407e683ab60c555ec302f9ac9bffa61103",
                "sha256:5057669b6a66aa9ca118a2a860159f0ee3acf837eda937bdd2a64f3431361a2d",
                "sha256:5dd90c5438b4f935c9d01fcbad3620253da89d19c1f5fca9158646407ed7df35",
                "sha256:659c815b5b8e2a55193ede2795c1e2349b8011497310bb936da7d4745652823b",
                "sha256:69b13fdf12878b10dc6003acc8d0abf3ad93e79813fd5f3812497c1c9fb9be49",
                "sha256:7a1cb80e35e1ccea3e11a48afe65d38744a0e0bde88795cc56a4d05b6e4f9d70",
                "sha256:7e6e3c52e6732c219c07bd97fff6c088f8df4dae3b79752ee3a817e6f32e177e",
                "sha256:7f42a8490c4fe854325504ce7a6e4796b207960dabb2cbafe3c3959cb00d1d7e",
                "sha256:84156313f258eafff716b2961644a4483a9be44a5d43551d554844d15d4d224e",
                "sha256:8578d6b8192e4c805e85f187bc530d0f52ba86c39172e61cd51f68fddd648103",
                "sha256:890167d5091279a27e2505ff0e1fb273f8c48c41d35c5b92adbf4af80e6b2ed6",
                "sha256:98e10634792ac0e9e7a92a76b4991b44c2325d3e7798270a808407355e7bb0a1",
                "sha256:9aadff9032e967865f9778485571e93908d27dab21d0fdfdec0ca779bb6f8ad9",
                "sha256:9f24f383a298a0c0f9b3113b982e21751a8ecde6615494a3f1470eb4a9d70e9e",
                "sha256:a73021b44813b5c84eda4a3af5826dd72356a900bac9bd9dd1f0f81ee1c22c2f",
                "sha256:afd96845e12638d2c44d213d4810a08f4dc4a563f9a98204b7428e567014b1cd",
                "sha256:b73ddf033d8cd4cc9dfed6324b1ad2a89ba52c410ef6877998422fcb9c23e3a8",
                "sha256:b8f490f5fad1767a1331df1259763b3bad7d7af12a75b950c2843ba319b2415f",
                "sha256:dbc5cd56fff1a6152ca59445178652756f4e509f672e49ccdf3d79c1043113a4",
                "sha256:eac8a3499754790187bb00574ab980df13e754777d346f85e0ff6df929bcd964",
                "sha256:eaed1c65f461a959284649e37b5051224f4db6ebdc84e40b5e65f2986f101a08"
            ],
            "index": "pypi",
            "version": "==2.8.4"
        },
        "pycparser": {
            "hashes": [
                "sha256:2d475327684562c3a96cc71adf7dc8c4f0565175cf86b6d7a404ff4c771f15f0",
                "sha256:7582ad22678f0fcd81102833f60ef8d0e57288b6b5fb00323d101be910e35705"
            ],
            "version": "==2.20"
        },
        "pygments": {
            "hashes": [
                "sha256:647344a061c249a3b74e230c739f434d7ea4d8b1d5f3721bc0f3558049b38f44",
                "sha256:ff7a40b4860b727ab48fad6360eb351cc1b33cbf9b15a0f689ca5353e9463324"
            ],
            "version": "==2.6.1"
        },
        "pyjwt": {
            "hashes": [
                "sha256:5c6eca3c2940464d106b99ba83b00c6add741c9becaec087fb7ccdefea71350e",
                "sha256:8d59a976fb773f3e6a39c85636357c4f0e242707394cadadd9814f5cbaa20e96"
            ],
            "version": "==1.7.1"
        },
        "pymmwr": {
            "hashes": [
                "sha256:668f85deed23451600ffb61553d60647d56447d6c122a211e8a81abf284031e8"
            ],
            "index": "pypi",
            "version": "==0.1.0"
        },
        "python-dateutil": {
            "hashes": [
                "sha256:73ebfe9dbf22e832286dafa60473e4cd239f8592f699aa5adaf10050e6e1823c",
                "sha256:75bb3f31ea686f1197762692a9ee6a7550b59fc6ca3a1f4b5d7e32fb98e2da2a"
            ],
            "version": "==2.8.1"
        },
        "pytz": {
            "hashes": [
                "sha256:a494d53b6d39c3c6e44c3bec237336e14305e4f29bbf800b599253057fbb79ed",
                "sha256:c35965d010ce31b23eeb663ed3cc8c906275d6be1a34393a1d73a41febf4a048"
            ],
            "version": "==2020.1"
        },
        "pyyaml": {
            "hashes": [
                "sha256:059b2ee3194d718896c0ad077dd8c043e5e909d9180f387ce42012662a4946d6",
                "sha256:1cf708e2ac57f3aabc87405f04b86354f66799c8e62c28c5fc5f88b5521b2dbf",
                "sha256:24521fa2890642614558b492b473bee0ac1f8057a7263156b02e8b14c88ce6f5",
                "sha256:4fee71aa5bc6ed9d5f116327c04273e25ae31a3020386916905767ec4fc5317e",
                "sha256:70024e02197337533eef7b85b068212420f950319cc8c580261963aefc75f811",
                "sha256:74782fbd4d4f87ff04159e986886931456a1894c61229be9eaf4de6f6e44b99e",
                "sha256:940532b111b1952befd7db542c370887a8611660d2b9becff75d39355303d82d",
                "sha256:cb1f2f5e426dc9f07a7681419fe39cee823bb74f723f36f70399123f439e9b20",
                "sha256:dbbb2379c19ed6042e8f11f2a2c66d39cceb8aeace421bfc29d085d93eda3689",
                "sha256:e3a057b7a64f1222b56e47bcff5e4b94c4f61faac04c7c4ecb1985e18caa3994",
                "sha256:e9f45bd5b92c7974e59bcd2dcc8631a6b6cc380a904725fce7bc08872e691615"
            ],
            "index": "pypi",
            "version": "==5.3"
        },
        "rcssmin": {
            "hashes": [
                "sha256:ca87b695d3d7864157773a61263e5abb96006e9ff0e021eff90cbe0e1ba18270"
            ],
            "version": "==1.0.6"
        },
        "redis": {
            "hashes": [
                "sha256:3613daad9ce5951e426f460deddd5caf469e08a3af633e9578fc77d362becf62",
                "sha256:8d0fc278d3f5e1249967cba2eb4a5632d19e45ce5c09442b8422d15ee2c22cc2"
            ],
            "index": "pypi",
            "version": "==3.3.11"
        },
        "requests": {
            "hashes": [
                "sha256:11e007a8a2aa0323f5a921e9e6a2d7e4e67d9877e85773fba9ba6419025cbeb4",
                "sha256:9cf5292fcd0f598c671cfc1e0d7d1a7f13bb8085e9a590f48c010551dc6c4b31"
            ],
            "index": "pypi",
            "version": "==2.22.0"
        },
        "rjsmin": {
            "hashes": [
                "sha256:0ab825839125eaca57cc59581d72e596e58a7a56fbc0839996b7528f0343a0a8",
                "sha256:211c2fe8298951663bbc02acdffbf714f6793df54bfc50e1c6c9e71b3f2559a3",
                "sha256:466fe70cc5647c7c51b3260c7e2e323a98b2b173564247f9c89e977720a0645f",
                "sha256:585e75a84d9199b68056fd4a083d9a61e2a92dfd10ff6d4ce5bdb04bc3bdbfaf",
                "sha256:6044ca86e917cd5bb2f95e6679a4192cef812122f28ee08c677513de019629b3",
                "sha256:714329db774a90947e0e2086cdddb80d5e8c4ac1c70c9f92436378dedb8ae345",
                "sha256:799890bd07a048892d8d3deb9042dbc20b7f5d0eb7da91e9483c561033b23ce2",
                "sha256:975b69754d6a76be47c0bead12367a1ca9220d08e5393f80bab0230d4625d1f4",
                "sha256:b15dc75c71f65d9493a8c7fa233fdcec823e3f1b88ad84a843ffef49b338ac32",
                "sha256:dd0f4819df4243ffe4c964995794c79ca43943b5b756de84be92b445a652fb86",
                "sha256:e3908b21ebb584ce74a6ac233bdb5f29485752c9d3be5e50c5484ed74169232c",
                "sha256:e487a7783ac4339e79ec610b98228eb9ac72178973e3dee16eba0e3feef25924",
                "sha256:ecd29f1b3e66a4c0753105baec262b331bcbceefc22fbe6f7e8bcd2067bcb4d7"
            ],
            "version": "==1.1.0"
        },
        "rq": {
            "hashes": [
                "sha256:15c7020297e37132891e43ca37a0340d80ade7b34e9f34806c27f1c07e71a17f",
                "sha256:b5e10c41a7259ba069933c5bfc668176b42a2b9c4a9102b54aebb6b516964a21"
            ],
            "index": "pypi",
            "version": "==1.2.0"
        },
        "s3transfer": {
            "hashes": [
                "sha256:2482b4259524933a022d59da830f51bd746db62f047d6eb213f2f8855dcb8a13",
                "sha256:921a37e2aefc64145e7b73d50c71bb4f26f46e4c9f414dc648c6245ff92cf7db"
            ],
            "version": "==0.3.3"
        },
        "six": {
            "hashes": [
                "sha256:30639c035cdb23534cd4aa2dd52c3bf48f06e5f4a941509c8bafd8ce11080259",
                "sha256:8b74bedcbbbaca38ff6d7491d76f2b06b3592611af620f8426e82dddb04a5ced"
            ],
            "version": "==1.15.0"
        },
        "sqlparse": {
            "hashes": [
                "sha256:022fb9c87b524d1f7862b3037e541f68597a730a8843245c349fc93e1643dc4e",
                "sha256:e162203737712307dfe78860cc56c8da8a852ab2ee33750e33aeadf38d12c548"
            ],
            "version": "==0.3.1"
        },
        "unicodecsv": {
            "hashes": [
                "sha256:018c08037d48649a0412063ff4eda26eaa81eff1546dbffa51fa5293276ff7fc"
            ],
            "version": "==0.14.1"
        },
        "urllib3": {
            "hashes": [
                "sha256:3018294ebefce6572a474f0604c2021e33b3fd8006ecd11d62107a5d2a963527",
                "sha256:88206b0eb87e6d677d424843ac5209e3fb9d0190d0ee169599165ec25e9d9115"
            ],
            "markers": "python_version != '3.4'",
            "version": "==1.25.9"
        },
        "whitenoise": {
            "extras": [
                "brotli"
            ],
            "hashes": [
                "sha256:0f9137f74bd95fa54329ace88d8dc695fbe895369a632e35f7a136e003e41d73",
                "sha256:62556265ec1011bd87113fb81b7516f52688887b7a010ee899ff1fd18fd22700"
            ],
            "index": "pypi",
            "version": "==5.0.1"
        }
    },
    "develop": {}
}
